
Microsoft Visual Studio Solution File, Format Version 12.00
# Visual Studio Version 16
VisualStudioVersion = 16.0.31313.79
MinimumVisualStudioVersion = 10.0.40219.1
Project("{FAE04EC0-301F-11D3-BF4B-00C04F79EFBC}") = "JogoGourmet", "JogoGourmet\JogoGourmet.csproj", "{02F06609-5A4B-421A-BC15-B7714346C6C4}"
EndProject
Global
	GlobalSection(SolutionConfigurationPlatforms) = preSolution
		Debug|Any CPU = Debug|Any CPU
		Release|Any CPU = Release|Any CPU
	EndGlobalSection
	GlobalSection(ProjectConfigurationPlatforms) = postSolution
		{02F06609-5A4B-421A-BC15-B7714346C6C4}.Debug|Any CPU.ActiveCfg = Debug|Any CPU
		{02F06609-5A4B-421A-BC15-B7714346C6C4}.Debug|Any CPU.Build.0 = Debug|Any CPU
		{02F06609-5A4B-421A-BC15-B7714346C6C4}.Release|Any CPU.ActiveCfg = Release|Any CPU
		{02F06609-5A4B-421A-BC15-B7714346C6C4}.Release|Any CPU.Build.0 = Release|Any CPU
	EndGlobalSection
	GlobalSection(SolutionProperties) = preSolution
		HideSolutionNode = FALSE
	EndGlobalSection
	GlobalSection(ExtensibilityGlobals) = postSolution
		SolutionGuid = {5ED12522-12FC-4775-8527-3E712D3A5F16}
	EndGlobalSection
EndGlobal
